
Microsoft Visual Studio Solution File, Format Version 12.00
# Visual Studio Version 17
VisualStudioVersion = 17.6.33829.357
MinimumVisualStudioVersion = 10.0.40219.1
Project("{9A19103F-16F7-4668-BE54-9A1E7A4F7556}") = "Nik.Db", "Nik.Db\Nik.Db.csproj", "{7141806F-2CF2-4E30-A42E-891539CA6B2F}"
EndProject
Project("{9A19103F-16F7-4668-BE54-9A1E7A4F7556}") = "Nik.Db.Abstractions", "Nik.Db.Abstractions\Nik.Db.Abstractions.csproj", "{D81BAD84-A664-4F92-A15D-54A193F77969}"
EndProject
Project("{2150E333-8FDC-42A3-9474-1A3956D46DE8}") = "_commands", "_commands", "{5B061977-E48C-4EDA-A08D-F69B46D4D4B2}"
	ProjectSection(SolutionItems) = preProject
		_commands\nuget-commands.txt = _commands\nuget-commands.txt
	EndProjectSection
EndProject
Global
	GlobalSection(SolutionConfigurationPlatforms) = preSolution
		Debug|Any CPU = Debug|Any CPU
		Release|Any CPU = Release|Any CPU
	EndGlobalSection
	GlobalSection(ProjectConfigurationPlatforms) = postSolution
		{7141806F-2CF2-4E30-A42E-891539CA6B2F}.Debug|Any CPU.ActiveCfg = Debug|Any CPU
		{7141806F-2CF2-4E30-A42E-891539CA6B2F}.Debug|Any CPU.Build.0 = Debug|Any CPU
		{7141806F-2CF2-4E30-A42E-891539CA6B2F}.Release|Any CPU.ActiveCfg = Release|Any CPU
		{7141806F-2CF2-4E30-A42E-891539CA6B2F}.Release|Any CPU.Build.0 = Release|Any CPU
		{D81BAD84-A664-4F92-A15D-54A193F77969}.Debug|Any CPU.ActiveCfg = Debug|Any CPU
		{D81BAD84-A664-4F92-A15D-54A193F77969}.Debug|Any CPU.Build.0 = Debug|Any CPU
		{D81BAD84-A664-4F92-A15D-54A193F77969}.Release|Any CPU.ActiveCfg = Release|Any CPU
		{D81BAD84-A664-4F92-A15D-54A193F77969}.Release|Any CPU.Build.0 = Release|Any CPU
	EndGlobalSection
	GlobalSection(SolutionProperties) = preSolution
		HideSolutionNode = FALSE
	EndGlobalSection
	GlobalSection(ExtensibilityGlobals) = postSolution
		SolutionGuid = {08394233-FC5E-43D9-B720-B6B8C51CACDC}
	EndGlobalSection
EndGlobal
